// !$*UTF8*$!
{
	archiveVersion = 1;
	classes = {
	};
	objectVersion = 46;
	objects = {

/* Begin PBXBuildFile section */
		365432961AF77473007DF37C /* main.m in Sources */ = {isa = PBXBuildFile; fileRef = 365432951AF77473007DF37C /* main.m */; };
		365432991AF77473007DF37C /* AppDelegate.m in Sources */ = {isa = PBXBuildFile; fileRef = 365432981AF77473007DF37C /* AppDelegate.m */; };
		3654329C1AF77473007DF37C /* ViewController.m in Sources */ = {isa = PBXBuildFile; fileRef = 3654329B1AF77473007DF37C /* ViewController.m */; };
		3654329F1AF77473007DF37C /* Main.storyboard in Resources */ = {isa = PBXBuildFile; fileRef = 3654329D1AF77473007DF37C /* Main.storyboard */; };
		365432A11AF77473007DF37C /* Images.xcassets in Resources */ = {isa = PBXBuildFile; fileRef = 365432A01AF77473007DF37C /* Images.xcassets */; };
		365432A41AF77473007DF37C /* LaunchScreen.xib in Resources */ = {isa = PBXBuildFile; fileRef = 365432A21AF77473007DF37C /* LaunchScreen.xib */; };
		365432B01AF77473007DF37C /* ioscvTests.m in Sources */ = {isa = PBXBuildFile; fileRef = 365432AF1AF77473007DF37C /* ioscvTests.m */; };
		36791F241B0377E800CB6A48 /* sauvola.cpp in Sources */ = {isa = PBXBuildFile; fileRef = 36791F231B0377E800CB6A48 /* sauvola.cpp */; };
		36791F281B037D9400CB6A48 /* MyVision.mm in Sources */ = {isa = PBXBuildFile; fileRef = 36791F271B037D9400CB6A48 /* MyVision.mm */; };
		369E42CB1AFE409B008DCB0D /* TicToc.cpp in Sources */ = {isa = PBXBuildFile; fileRef = 369E42CA1AFE409B008DCB0D /* TicToc.cpp */; };
		36D877631AF79C4200232273 /* opencv2.framework in Frameworks */ = {isa = PBXBuildFile; fileRef = 36D877621AF79C4200232273 /* opencv2.framework */; };
		36D877651AF7AF8900232273 /* AVFoundation.framework in Frameworks */ = {isa = PBXBuildFile; fileRef = 36D877641AF7AF8900232273 /* AVFoundation.framework */; };
		36D877681AF8185500232273 /* CoreImage.framework in Frameworks */ = {isa = PBXBuildFile; fileRef = 36D877661AF8185500232273 /* CoreImage.framework */; };
		36D877691AF8185500232273 /* CoreMedia.framework in Frameworks */ = {isa = PBXBuildFile; fileRef = 36D877671AF8185500232273 /* CoreMedia.framework */; };
		36D8776B1AF8186C00232273 /* ImageIO.framework in Frameworks */ = {isa = PBXBuildFile; fileRef = 36D8776A1AF8186C00232273 /* ImageIO.framework */; };
/* End PBXBuildFile section */

/* Begin PBXContainerItemProxy section */
		365432AA1AF77473007DF37C /* PBXContainerItemProxy */ = {
			isa = PBXContainerItemProxy;
			containerPortal = 365432881AF77473007DF37C /* Project object */;
			proxyType = 1;
			remoteGlobalIDString = 3654328F1AF77473007DF37C;
			remoteInfo = ioscv;
		};
/* End PBXContainerItemProxy section */

/* Begin PBXFileReference section */
		365432901AF77473007DF37C /* ioscv.app */ = {isa = PBXFileReference; explicitFileType = wrapper.application; includeInIndex = 0; path = ioscv.app; sourceTree = BUILT_PRODUCTS_DIR; };
		365432941AF77473007DF37C /* Info.plist */ = {isa = PBXFileReference; lastKnownFileType = text.plist.xml; path = Info.plist; sourceTree = "<group>"; };
		365432951AF77473007DF37C /* main.m */ = {isa = PBXFileReference; lastKnownFileType = sourcecode.c.objc; path = main.m; sourceTree = "<group>"; };
		365432971AF77473007DF37C /* AppDelegate.h */ = {isa = PBXFileReference; lastKnownFileType = sourcecode.c.h; path = AppDelegate.h; sourceTree = "<group>"; };
		365432981AF77473007DF37C /* AppDelegate.m */ = {isa = PBXFileReference; lastKnownFileType = sourcecode.c.objc; path = AppDelegate.m; sourceTree = "<group>"; };
		3654329A1AF77473007DF37C /* ViewController.h */ = {isa = PBXFileReference; lastKnownFileType = sourcecode.c.h; path = ViewController.h; sourceTree = "<group>"; };
		3654329B1AF77473007DF37C /* ViewController.m */ = {isa = PBXFileReference; lastKnownFileType = sourcecode.c.objc; path = ViewController.m; sourceTree = "<group>"; };
		3654329E1AF77473007DF37C /* Base */ = {isa = PBXFileReference; lastKnownFileType = file.storyboard; name = Base; path = Base.lproj/Main.storyboard; sourceTree = "<group>"; };
		365432A01AF77473007DF37C /* Images.xcassets */ = {isa = PBXFileReference; lastKnownFileType = folder.assetcatalog; path = Images.xcassets; sourceTree = "<group>"; };
		365432A31AF77473007DF37C /* Base */ = {isa = PBXFileReference; lastKnownFileType = file.xib; name = Base; path = Base.lproj/LaunchScreen.xib; sourceTree = "<group>"; };
		365432A91AF77473007DF37C /* ioscvTests.xctest */ = {isa = PBXFileReference; explicitFileType = wrapper.cfbundle; includeInIndex = 0; path = ioscvTests.xctest; sourceTree = BUILT_PRODUCTS_DIR; };
		365432AE1AF77473007DF37C /* Info.plist */ = {isa = PBXFileReference; lastKnownFileType = text.plist.xml; path = Info.plist; sourceTree = "<group>"; };
		365432AF1AF77473007DF37C /* ioscvTests.m */ = {isa = PBXFileReference; lastKnownFileType = sourcecode.c.objc; path = ioscvTests.m; sourceTree = "<group>"; };
		36791F231B0377E800CB6A48 /* sauvola.cpp */ = {isa = PBXFileReference; fileEncoding = 4; lastKnownFileType = sourcecode.cpp.cpp; path = sauvola.cpp; sourceTree = "<group>"; };
		36791F251B03793100CB6A48 /* sauvola.h */ = {isa = PBXFileReference; lastKnownFileType = sourcecode.c.h; path = sauvola.h; sourceTree = "<group>"; };
		36791F261B037D9400CB6A48 /* MyVision.h */ = {isa = PBXFileReference; fileEncoding = 4; lastKnownFileType = sourcecode.c.h; path = MyVision.h; sourceTree = "<group>"; };
		36791F271B037D9400CB6A48 /* MyVision.mm */ = {isa = PBXFileReference; fileEncoding = 4; lastKnownFileType = sourcecode.cpp.objcpp; path = MyVision.mm; sourceTree = "<group>"; };
		369E42C91AFE409B008DCB0D /* TicToc.h */ = {isa = PBXFileReference; fileEncoding = 4; lastKnownFileType = sourcecode.c.h; path = TicToc.h; sourceTree = "<group>"; };
		369E42CA1AFE409B008DCB0D /* TicToc.cpp */ = {isa = PBXFileReference; fileEncoding = 4; lastKnownFileType = sourcecode.cpp.cpp; path = TicToc.cpp; sourceTree = "<group>"; };
		36D877601AF79C3200232273 /* project.pbxproj */ = {isa = PBXFileReference; lastKnownFileType = text.pbxproject; name = project.pbxproj; path = ioscv.xcodeproj/project.pbxproj; sourceTree = "<group>"; };
		36D877621AF79C4200232273 /* opencv2.framework */ = {isa = PBXFileReference; lastKnownFileType = wrapper.framework; name = opencv2.framework; path = ../opencv2.framework; sourceTree = "<group>"; };
		36D877641AF7AF8900232273 /* AVFoundation.framework */ = {isa = PBXFileReference; lastKnownFileType = wrapper.framework; name = AVFoundation.framework; path = System/Library/Frameworks/AVFoundation.framework; sourceTree = SDKROOT; };
		36D877661AF8185500232273 /* CoreImage.framework */ = {isa = PBXFileReference; lastKnownFileType = wrapper.framework; name = CoreImage.framework; path = System/Library/Frameworks/CoreImage.framework; sourceTree = SDKROOT; };
		36D877671AF8185500232273 /* CoreMedia.framework */ = {isa = PBXFileReference; lastKnownFileType = wrapper.framework; name = CoreMedia.framework; path = System/Library/Frameworks/CoreMedia.framework; sourceTree = SDKROOT; };
		36D8776A1AF8186C00232273 /* ImageIO.framework */ = {isa = PBXFileReference; lastKnownFileType = wrapper.framework; name = ImageIO.framework; path = System/Library/Frameworks/ImageIO.framework; sourceTree = SDKROOT; };
		36FD8C6B1B049F58001D817C /* MySimpleBlobDetector.h */ = {isa = PBXFileReference; fileEncoding = 4; lastKnownFileType = sourcecode.c.h; path = MySimpleBlobDetector.h; sourceTree = "<group>"; };
/* End PBXFileReference section */

/* Begin PBXFrameworksBuildPhase section */
		3654328D1AF77473007DF37C /* Frameworks */ = {
			isa = PBXFrameworksBuildPhase;
			buildActionMask = 2147483647;
			files = (
				36D8776B1AF8186C00232273 /* ImageIO.framework in Frameworks */,
				36D877681AF8185500232273 /* CoreImage.framework in Frameworks */,
				36D877691AF8185500232273 /* CoreMedia.framework in Frameworks */,
				36D877651AF7AF8900232273 /* AVFoundation.framework in Frameworks */,
				36D877631AF79C4200232273 /* opencv2.framework in Frameworks */,
			);
			runOnlyForDeploymentPostprocessing = 0;
		};
		365432A61AF77473007DF37C /* Frameworks */ = {
			isa = PBXFrameworksBuildPhase;
			buildActionMask = 2147483647;
			files = (
			);
			runOnlyForDeploymentPostprocessing = 0;
		};
/* End PBXFrameworksBuildPhase section */

/* Begin PBXGroup section */
		365432871AF77473007DF37C = {
			isa = PBXGroup;
			children = (
				36D8776A1AF8186C00232273 /* ImageIO.framework */,
				36D877661AF8185500232273 /* CoreImage.framework */,
				36D877671AF8185500232273 /* CoreMedia.framework */,
				36D877641AF7AF8900232273 /* AVFoundation.framework */,
				36D877621AF79C4200232273 /* opencv2.framework */,
				36D877601AF79C3200232273 /* project.pbxproj */,
				365432921AF77473007DF37C /* ioscv */,
				365432AC1AF77473007DF37C /* ioscvTests */,
				365432911AF77473007DF37C /* Products */,
			);
			sourceTree = "<group>";
		};
		365432911AF77473007DF37C /* Products */ = {
			isa = PBXGroup;
			children = (
				365432901AF77473007DF37C /* ioscv.app */,
				365432A91AF77473007DF37C /* ioscvTests.xctest */,
			);
			name = Products;
			sourceTree = "<group>";
		};
		365432921AF77473007DF37C /* ioscv */ = {
			isa = PBXGroup;
			children = (
				36791F231B0377E800CB6A48 /* sauvola.cpp */,
				36791F251B03793100CB6A48 /* sauvola.h */,
				365432971AF77473007DF37C /* AppDelegate.h */,
				365432981AF77473007DF37C /* AppDelegate.m */,
				3654329A1AF77473007DF37C /* ViewController.h */,
				3654329B1AF77473007DF37C /* ViewController.m */,
				36791F261B037D9400CB6A48 /* MyVision.h */,
				36791F271B037D9400CB6A48 /* MyVision.mm */,
				3654329D1AF77473007DF37C /* Main.storyboard */,
				365432A01AF77473007DF37C /* Images.xcassets */,
				365432A21AF77473007DF37C /* LaunchScreen.xib */,
				365432931AF77473007DF37C /* Supporting Files */,
				369E42C91AFE409B008DCB0D /* TicToc.h */,
				369E42CA1AFE409B008DCB0D /* TicToc.cpp */,
				36FD8C6B1B049F58001D817C /* MySimpleBlobDetector.h */,
			);
			path = ioscv;
			sourceTree = "<group>";
		};
		365432931AF77473007DF37C /* Supporting Files */ = {
			isa = PBXGroup;
			children = (
				365432941AF77473007DF37C /* Info.plist */,
				365432951AF77473007DF37C /* main.m */,
			);
			name = "Supporting Files";
			sourceTree = "<group>";
		};
		365432AC1AF77473007DF37C /* ioscvTests */ = {
			isa = PBXGroup;
			children = (
				365432AF1AF77473007DF37C /* ioscvTests.m */,
				365432AD1AF77473007DF37C /* Supporting Files */,
			);
			path = ioscvTests;
			sourceTree = "<group>";
		};
		365432AD1AF77473007DF37C /* Supporting Files */ = {
			isa = PBXGroup;
			children = (
				365432AE1AF77473007DF37C /* Info.plist */,
			);
			name = "Supporting Files";
			sourceTree = "<group>";
		};
/* End PBXGroup section */

/* Begin PBXNativeTarget section */
		3654328F1AF77473007DF37C /* ioscv */ = {
			isa = PBXNativeTarget;
			buildConfigurationList = 365432B31AF77473007DF37C /* Build configuration list for PBXNativeTarget "ioscv" */;
			buildPhases = (
				3654328C1AF77473007DF37C /* Sources */,
				3654328D1AF77473007DF37C /* Frameworks */,
				3654328E1AF77473007DF37C /* Resources */,
			);
			buildRules = (
			);
			dependencies = (
			);
			name = ioscv;
			productName = ioscv;
			productReference = 365432901AF77473007DF37C /* ioscv.app */;
			productType = "com.apple.product-type.application";
		};
		365432A81AF77473007DF37C /* ioscvTests */ = {
			isa = PBXNativeTarget;
			buildConfigurationList = 365432B61AF77473007DF37C /* Build configuration list for PBXNativeTarget "ioscvTests" */;
			buildPhases = (
				365432A51AF77473007DF37C /* Sources */,
				365432A61AF77473007DF37C /* Frameworks */,
				365432A71AF77473007DF37C /* Resources */,
			);
			buildRules = (
			);
			dependencies = (
				365432AB1AF77473007DF37C /* PBXTargetDependency */,
			);
			name = ioscvTests;
			productName = ioscvTests;
			productReference = 365432A91AF77473007DF37C /* ioscvTests.xctest */;
			productType = "com.apple.product-type.bundle.unit-test";
		};
/* End PBXNativeTarget section */

/* Begin PBXProject section */
		365432881AF77473007DF37C /* Project object */ = {
			isa = PBXProject;
			attributes = {
				LastUpgradeCheck = 0630;
				ORGANIZATIONNAME = "Ofer Livny";
				TargetAttributes = {
					3654328F1AF77473007DF37C = {
						CreatedOnToolsVersion = 6.3.1;
					};
					365432A81AF77473007DF37C = {
						CreatedOnToolsVersion = 6.3.1;
						TestTargetID = 3654328F1AF77473007DF37C;
					};
				};
			};
			buildConfigurationList = 3654328B1AF77473007DF37C /* Build configuration list for PBXProject "ioscv" */;
			compatibilityVersion = "Xcode 3.2";
			developmentRegion = English;
			hasScannedForEncodings = 0;
			knownRegions = (
				en,
				Base,
			);
			mainGroup = 365432871AF77473007DF37C;
			productRefGroup = 365432911AF77473007DF37C /* Products */;
			projectDirPath = "";
			projectRoot = "";
			targets = (
				3654328F1AF77473007DF37C /* ioscv */,
				365432A81AF77473007DF37C /* ioscvTests */,
			);
		};
/* End PBXProject section */

/* Begin PBXResourcesBuildPhase section */
		3654328E1AF77473007DF37C /* Resources */ = {
			isa = PBXResourcesBuildPhase;
			buildActionMask = 2147483647;
			files = (
				3654329F1AF77473007DF37C /* Main.storyboard in Resources */,
				365432A41AF77473007DF37C /* LaunchScreen.xib in Resources */,
				365432A11AF77473007DF37C /* Images.xcassets in Resources */,
			);
			runOnlyForDeploymentPostprocessing = 0;
		};
		365432A71AF77473007DF37C /* Resources */ = {
			isa = PBXResourcesBuildPhase;
			buildActionMask = 2147483647;
			files = (
			);
			runOnlyForDeploymentPostprocessing = 0;
		};
/* End PBXResourcesBuildPhase section */

/* Begin PBXSourcesBuildPhase section */
		3654328C1AF77473007DF37C /* Sources */ = {
			isa = PBXSourcesBuildPhase;
			buildActionMask = 2147483647;
			files = (
				3654329C1AF77473007DF37C /* ViewController.m in Sources */,
				365432991AF77473007DF37C /* AppDelegate.m in Sources */,
				365432961AF77473007DF37C /* main.m in Sources */,
				36791F281B037D9400CB6A48 /* MyVision.mm in Sources */,
				36791F241B0377E800CB6A48 /* sauvola.cpp in Sources */,
				369E42CB1AFE409B008DCB0D /* TicToc.cpp in Sources */,
			);
			runOnlyForDeploymentPostprocessing = 0;
		};
		365432A51AF77473007DF37C /* Sources */ = {
			isa = PBXSourcesBuildPhase;
			buildActionMask = 2147483647;
			files = (
				365432B01AF77473007DF37C /* ioscvTests.m in Sources */,
			);
			runOnlyForDeploymentPostprocessing = 0;
		};
/* End PBXSourcesBuildPhase section */

/* Begin PBXTargetDependency section */
		365432AB1AF77473007DF37C /* PBXTargetDependency */ = {
			isa = PBXTargetDependency;
			target = 3654328F1AF77473007DF37C /* ioscv */;
			targetProxy = 365432AA1AF77473007DF37C /* PBXContainerItemProxy */;
		};
/* End PBXTargetDependency section */

/* Begin PBXVariantGroup section */
		3654329D1AF77473007DF37C /* Main.storyboard */ = {
			isa = PBXVariantGroup;
			children = (
				3654329E1AF77473007DF37C /* Base */,
			);
			name = Main.storyboard;
			sourceTree = "<group>";
		};
		365432A21AF77473007DF37C /* LaunchScreen.xib */ = {
			isa = PBXVariantGroup;
			children = (
				365432A31AF77473007DF37C /* Base */,
			);
			name = LaunchScreen.xib;
			sourceTree = "<group>";
		};
/* End PBXVariantGroup section */

/* Begin XCBuildConfiguration section */
		365432B11AF77473007DF37C /* Debug */ = {
			isa = XCBuildConfiguration;
			buildSettings = {
				ALWAYS_SEARCH_USER_PATHS = NO;
				CLANG_CXX_LANGUAGE_STANDARD = "gnu++0x";
				CLANG_CXX_LIBRARY = "libc++";
				CLANG_ENABLE_MODULES = YES;
				CLANG_ENABLE_OBJC_ARC = YES;
				CLANG_WARN_BOOL_CONVERSION = YES;
				CLANG_WARN_CONSTANT_CONVERSION = YES;
				CLANG_WARN_DIRECT_OBJC_ISA_USAGE = YES_ERROR;
				CLANG_WARN_EMPTY_BODY = YES;
				CLANG_WARN_ENUM_CONVERSION = YES;
				CLANG_WARN_INT_CONVERSION = YES;
				CLANG_WARN_OBJC_ROOT_CLASS = YES_ERROR;
				CLANG_WARN_UNREACHABLE_CODE = YES;
				CLANG_WARN__DUPLICATE_METHOD_MATCH = YES;
				"CODE_SIGN_IDENTITY[sdk=iphoneos*]" = "iPhone Developer";
				COPY_PHASE_STRIP = NO;
				DEBUG_INFORMATION_FORMAT = "dwarf-with-dsym";
				ENABLE_STRICT_OBJC_MSGSEND = YES;
				GCC_C_LANGUAGE_STANDARD = gnu99;
				GCC_DYNAMIC_NO_PIC = NO;
				GCC_NO_COMMON_BLOCKS = YES;
				GCC_OPTIMIZATION_LEVEL = 0;
				GCC_PREPROCESSOR_DEFINITIONS = (
					"DEBUG=1",
					"$(inherited)",
				);
				GCC_SYMBOLS_PRIVATE_EXTERN = NO;
				GCC_WARN_64_TO_32_BIT_CONVERSION = YES;
				GCC_WARN_ABOUT_RETURN_TYPE = YES_ERROR;
				GCC_WARN_UNDECLARED_SELECTOR = YES;
				GCC_WARN_UNINITIALIZED_AUTOS = YES_AGGRESSIVE;
				GCC_WARN_UNUSED_FUNCTION = YES;
				GCC_WARN_UNUSED_VARIABLE = YES;
				IPHONEOS_DEPLOYMENT_TARGET = 8.3;
				MTL_ENABLE_DEBUG_INFO = YES;
				ONLY_ACTIVE_ARCH = YES;
				SDKROOT = iphoneos;
				TARGETED_DEVICE_FAMILY = "1,2";
			};
			name = Debug;
		};
		365432B21AF77473007DF37C /* Release */ = {
			isa = XCBuildConfiguration;
			buildSettings = {
				ALWAYS_SEARCH_USER_PATHS = NO;
				CLANG_CXX_LANGUAGE_STANDARD = "gnu++0x";
				CLANG_CXX_LIBRARY = "libc++";
				CLANG_ENABLE_MODULES = YES;
				CLANG_ENABLE_OBJC_ARC = YES;
				CLANG_WARN_BOOL_CONVERSION = YES;
				CLANG_WARN_CONSTANT_CONVERSION = YES;
				CLANG_WARN_DIRECT_OBJC_ISA_USAGE = YES_ERROR;
				CLANG_WARN_EMPTY_BODY = YES;
				CLANG_WARN_ENUM_CONVERSION = YES;
				CLANG_WARN_INT_CONVERSION = YES;
				CLANG_WARN_OBJC_ROOT_CLASS = YES_ERROR;
				CLANG_WARN_UNREACHABLE_CODE = YES;
				CLANG_WARN__DUPLICATE_METHOD_MATCH = YES;
				"CODE_SIGN_IDENTITY[sdk=iphoneos*]" = "iPhone Developer";
				COPY_PHASE_STRIP = NO;
				DEBUG_INFORMATION_FORMAT = "dwarf-with-dsym";
				ENABLE_NS_ASSERTIONS = NO;
				ENABLE_STRICT_OBJC_MSGSEND = YES;
				GCC_C_LANGUAGE_STANDARD = gnu99;
				GCC_NO_COMMON_BLOCKS = YES;
				GCC_WARN_64_TO_32_BIT_CONVERSION = YES;
				GCC_WARN_ABOUT_RETURN_TYPE = YES_ERROR;
				GCC_WARN_UNDECLARED_SELECTOR = YES;
				GCC_WARN_UNINITIALIZED_AUTOS = YES_AGGRESSIVE;
				GCC_WARN_UNUSED_FUNCTION = YES;
				GCC_WARN_UNUSED_VARIABLE = YES;
				IPHONEOS_DEPLOYMENT_TARGET = 8.3;
				MTL_ENABLE_DEBUG_INFO = NO;
				SDKROOT = iphoneos;
				TARGETED_DEVICE_FAMILY = "1,2";
				VALIDATE_PRODUCT = YES;
			};
			name = Release;
		};
		365432B41AF77473007DF37C /* Debug */ = {
			isa = XCBuildConfiguration;
			buildSettings = {
				ASSETCATALOG_COMPILER_APPICON_NAME = AppIcon;
				FRAMEWORK_SEARCH_PATHS = (
					"$(inherited)",
					/Users/ofer/dev/ios,
				);
				INFOPLIST_FILE = ioscv/Info.plist;
				IPHONEOS_DEPLOYMENT_TARGET = 7.0;
				LD_RUNPATH_SEARCH_PATHS = "$(inherited) @executable_path/Frameworks";
				ONLY_ACTIVE_ARCH = YES;
				PRODUCT_NAME = "$(TARGET_NAME)";
				VALID_ARCHS = "armv7 armv7s";
			};
			name = Debug;
		};
		365432B51AF77473007DF37C /* Release */ = {
			isa = XCBuildConfiguration;
			buildSettings = {
				ASSETCATALOG_COMPILER_APPICON_NAME = AppIcon;
				FRAMEWORK_SEARCH_PATHS = (
					"$(inherited)",
					/Users/ofer/dev/ios,
				);
				GCC_OPTIMIZATION_LEVEL = 3;
				INFOPLIST_FILE = ioscv/Info.plist;
				IPHONEOS_DEPLOYMENT_TARGET = 7.0;
				LD_RUNPATH_SEARCH_PATHS = "$(inherited) @executable_path/Frameworks";
				ONLY_ACTIVE_ARCH = NO;
				PRODUCT_NAME = "$(TARGET_NAME)";
				VALID_ARCHS = "armv7 armv7s";
			};
			name = Release;
		};
		365432B71AF77473007DF37C /* Debug */ = {
			isa = XCBuildConfiguration;
			buildSettings = {
				BUNDLE_LOADER = "$(TEST_HOST)";
				FRAMEWORK_SEARCH_PATHS = (
					"$(SDKROOT)/Developer/Library/Frameworks",
					"$(inherited)",
				);
				GCC_PREPROCESSOR_DEFINITIONS = (
					"DEBUG=1",
					"$(inherited)",
				);
				INFOPLIST_FILE = ioscvTests/Info.plist;
				LD_RUNPATH_SEARCH_PATHS = "$(inherited) @executable_path/Frameworks @loader_path/Frameworks";
				PRODUCT_NAME = "$(TARGET_NAME)";
				TEST_HOST = "$(BUILT_PRODUCTS_DIR)/ioscv.app/ioscv";
			};
			name = Debug;
		};
		365432B81AF77473007DF37C /* Release */ = {
			isa = XCBuildConfiguration;
			buildSettings = {
				BUNDLE_LOADER = "$(TEST_HOST)";
				FRAMEWORK_SEARCH_PATHS = (
					"$(SDKROOT)/Developer/Library/Frameworks",
					"$(inherited)",
				);
				INFOPLIST_FILE = ioscvTests/Info.plist;
				LD_RUNPATH_SEARCH_PATHS = "$(inherited) @executable_path/Frameworks @loader_path/Frameworks";
				PRODUCT_NAME = "$(TARGET_NAME)";
				TEST_HOST = "$(BUILT_PRODUCTS_DIR)/ioscv.app/ioscv";
			};
			name = Release;
		};
/* End XCBuildConfiguration section */

/* Begin XCConfigurationList section */
		3654328B1AF77473007DF37C /* Build configuration list for PBXProject "ioscv" */ = {
			isa = XCConfigurationList;
			buildConfigurations = (
				365432B11AF77473007DF37C /* Debug */,
				365432B21AF77473007DF37C /* Release */,
			);
			defaultConfigurationIsVisible = 0;
			defaultConfigurationName = Release;
		};
		365432B31AF77473007DF37C /* Build configuration list for PBXNativeTarget "ioscv" */ = {
			isa = XCConfigurationList;
			buildConfigurations = (
				365432B41AF77473007DF37C /* Debug */,
				365432B51AF77473007DF37C /* Release */,
			);
			defaultConfigurationIsVisible = 0;
			defaultConfigurationName = Release;
		};
		365432B61AF77473007DF37C /* Build configuration list for PBXNativeTarget "ioscvTests" */ = {
			isa = XCConfigurationList;
			buildConfigurations = (
				365432B71AF77473007DF37C /* Debug */,
				365432B81AF77473007DF37C /* Release */,
			);
			defaultConfigurationIsVisible = 0;
			defaultConfigurationName = Release;
		};
/* End XCConfigurationList section */
	};
	rootObject = 365432881AF77473007DF37C /* Project object */;
}
